# THIS IS AN AUTOGENERATED FILE. DO NOT EDIT THIS FILE DIRECTLY.
# yarn lockfile v1


"@hotwired/stimulus-webpack-helpers@^1.0.0":
  version "1.0.1"
  resolved "https://registry.yarnpkg.com/@hotwired/stimulus-webpack-helpers/-/stimulus-webpack-helpers-1.0.1.tgz#4cd74487adeca576c9865ac2b9fe5cb20cef16dd"
  integrity sha512-wa/zupVG0eWxRYJjC1IiPBdt3Lruv0RqGN+/DTMmUWUyMAEB27KXmVY6a8YpUVTM7QwVuaLNGW4EqDgrS2upXQ==

"@hotwired/stimulus@^3.1.0":
  version "3.1.0"
  resolved "https://registry.yarnpkg.com/@hotwired/stimulus/-/stimulus-3.1.0.tgz#20215251e5afe6e0a3787285181ba1bfc9097df0"
  integrity sha512-iDMHUhiEJ1xFeicyHcZQQgBzhtk5mPR0QZO3L6wtqzMsJEk2TKECuCQTGKjm+KJTHVY0dKq1dOOAWvODjpd2Mg==

"@orchidjs/sifter@^1.0.3":
  version "1.0.3"
  resolved "https://registry.yarnpkg.com/@orchidjs/sifter/-/sifter-1.0.3.tgz#43f42519472282eb632d0a1589184f044d64129b"
  integrity sha512-zCZbwKegHytfsPm8Amcfh7v/4vHqTAaOu6xFswBYcn8nznBOuseu6COB2ON7ez0tFV0mKL0nRNnCiZZA+lU9/g==
  dependencies:
    "@orchidjs/unicode-variants" "^1.0.4"

"@orchidjs/unicode-variants@^1.0.4":
  version "1.0.4"
  resolved "https://registry.yarnpkg.com/@orchidjs/unicode-variants/-/unicode-variants-1.0.4.tgz#6d2f812e3b19545bba2d81caffff1204de9a6a58"
  integrity sha512-NvVBRnZNE+dugiXERFsET1JlKZfM5lJDEpSMilKW4bToYJ7pxf0Zne78xyXB2ny2c2aHfJ6WLnz1AaTNHAmQeQ==

stimulus@^3.1.0:
  version "3.1.0"
  resolved "https://registry.yarnpkg.com/stimulus/-/stimulus-3.1.0.tgz#225298f1936f96b0eafa883b8b304266427912c3"
  integrity sha512-ln+BtLkhemwJozr5N3I5q0kGlSv6fmcPi3JtDjBo7gnnz2tAYhK2WBhyY/EN/4+CWIwqp3qPm3Pc+i9CjIXrtg==
  dependencies:
    "@hotwired/stimulus" "^3.1.0"
    "@hotwired/stimulus-webpack-helpers" "^1.0.0"

tom-select@^2.2.2:
  version "2.2.2"
  resolved "https://registry.yarnpkg.com/tom-select/-/tom-select-2.2.2.tgz#8e5f9296e6d80254feccb57f0986bd6c44d126e2"
  integrity sha512-igGah1yY6yhrnN2h/Ky8I5muw/nE/YQxIsEZoYu5qaA4bsRibvKto3s8QZZosKpOd0uO8fNYhRfAwgHB4IAYew==
  dependencies:
    "@orchidjs/sifter" "^1.0.3"
    "@orchidjs/unicode-variants" "^1.0.4"
